
Microsoft Visual Studio Solution File, Format Version 12.00
# Visual Studio Version 16
VisualStudioVersion = 16.0.29102.190
MinimumVisualStudioVersion = 10.0.40219.1
Project("{FAE04EC0-301F-11D3-BF4B-00C04F79EFBC}") = "Orlys.Logging", "src\Orlys.Logging\Orlys.Logging.csproj", "{815C5714-A188-4844-A391-D769EDF2892B}"
EndProject
Project("{FAE04EC0-301F-11D3-BF4B-00C04F79EFBC}") = "Orlys.Logging.UnitTest", "test\Orlys.Logging.UnitTest\Orlys.Logging.UnitTest.csproj", "{48D879EF-3957-4049-9AA4-FF1FD00D3BE3}"
EndProject
Project("{FAE04EC0-301F-11D3-BF4B-00C04F79EFBC}") = "Orlys.Logging.Dev", "test\Orlys.Logging.Dev\Orlys.Logging.Dev.csproj", "{C317AAA4-15C3-446D-90FA-0DDE2BDA8606}"
EndProject
Global
	GlobalSection(SolutionConfigurationPlatforms) = preSolution
		Debug|Any CPU = Debug|Any CPU
		Release|Any CPU = Release|Any CPU
	EndGlobalSection
	GlobalSection(ProjectConfigurationPlatforms) = postSolution
		{815C5714-A188-4844-A391-D769EDF2892B}.Debug|Any CPU.ActiveCfg = Debug|Any CPU
		{815C5714-A188-4844-A391-D769EDF2892B}.Debug|Any CPU.Build.0 = Debug|Any CPU
		{815C5714-A188-4844-A391-D769EDF2892B}.Release|Any CPU.ActiveCfg = Release|Any CPU
		{815C5714-A188-4844-A391-D769EDF2892B}.Release|Any CPU.Build.0 = Release|Any CPU
		{48D879EF-3957-4049-9AA4-FF1FD00D3BE3}.Debug|Any CPU.ActiveCfg = Debug|Any CPU
		{48D879EF-3957-4049-9AA4-FF1FD00D3BE3}.Debug|Any CPU.Build.0 = Debug|Any CPU
		{48D879EF-3957-4049-9AA4-FF1FD00D3BE3}.Release|Any CPU.ActiveCfg = Release|Any CPU
		{48D879EF-3957-4049-9AA4-FF1FD00D3BE3}.Release|Any CPU.Build.0 = Release|Any CPU
		{C317AAA4-15C3-446D-90FA-0DDE2BDA8606}.Debug|Any CPU.ActiveCfg = Debug|Any CPU
		{C317AAA4-15C3-446D-90FA-0DDE2BDA8606}.Debug|Any CPU.Build.0 = Debug|Any CPU
		{C317AAA4-15C3-446D-90FA-0DDE2BDA8606}.Release|Any CPU.ActiveCfg = Release|Any CPU
		{C317AAA4-15C3-446D-90FA-0DDE2BDA8606}.Release|Any CPU.Build.0 = Release|Any CPU
	EndGlobalSection
	GlobalSection(SolutionProperties) = preSolution
		HideSolutionNode = FALSE
	EndGlobalSection
	GlobalSection(ExtensibilityGlobals) = postSolution
		SolutionGuid = {C3873C0F-0301-41B2-815F-4E2C8FAB1960}
	EndGlobalSection
EndGlobal
